
Microsoft Visual Studio Solution File, Format Version 12.00
# Visual Studio Version 17
VisualStudioVersion = 17.14.36401.2 d17.14
MinimumVisualStudioVersion = 10.0.40219.1
Project("{FAE04EC0-301F-11D3-BF4B-00C04F79EFBC}") = "WebApiWithoutAws", "WebApiWithoutAws.csproj", "{F8E56B3E-B69D-40E5-B441-B778DA9071B6}"
EndProject
Global
	GlobalSection(SolutionConfigurationPlatforms) = preSolution
		Debug|Any CPU = Debug|Any CPU
		Release|Any CPU = Release|Any CPU
	EndGlobalSection
	GlobalSection(ProjectConfigurationPlatforms) = postSolution
		{F8E56B3E-B69D-40E5-B441-B778DA9071B6}.Debug|Any CPU.ActiveCfg = Debug|Any CPU
		{F8E56B3E-B69D-40E5-B441-B778DA9071B6}.Debug|Any CPU.Build.0 = Debug|Any CPU
		{F8E56B3E-B69D-40E5-B441-B778DA9071B6}.Release|Any CPU.ActiveCfg = Release|Any CPU
		{F8E56B3E-B69D-40E5-B441-B778DA9071B6}.Release|Any CPU.Build.0 = Release|Any CPU
	EndGlobalSection
	GlobalSection(SolutionProperties) = preSolution
		HideSolutionNode = FALSE
	EndGlobalSection
	GlobalSection(ExtensibilityGlobals) = postSolution
		SolutionGuid = {C656BFE0-6A83-4FBB-BE83-7CF6CCB2CD82}
	EndGlobalSection
EndGlobal
